{
  "name": "quantum-diamond",
  "lockfileVersion": 3,
  "requires": true,
  "packages": {
    "": {
      "dependencies": {
        "gpt-tokenizer": "^3.2.0"
      }
    },
    "node_modules/gpt-tokenizer": {
      "version": "3.2.0",
      "resolved": "https://registry.npmjs.org/gpt-tokenizer/-/gpt-tokenizer-3.2.0.tgz",
      "integrity": "sha512-QRRhzJIHcGbbdzhMGNCHhF+98RVaBaVD5+NYgyPOamqRBEqG5yN9p5j4udnY5FJnkesjdUPsikG/DO4OfJdhpQ==",
      "license": "MIT"
    }
  }
}
